// !$*UTF8*$!
{
	archiveVersion = 1;
	classes = {
	};
	objectVersion = 50;
	objects = {

/* Begin PBXBuildFile section */
		A5D4287427A7C99400C1CCAC /* MinionUIApp.swift in Sources */ = {isa = PBXBuildFile; fileRef = A5D4287327A7C99400C1CCAC /* MinionUIApp.swift */; };
		A5D4287627A7C99400C1CCAC /* ContentView.swift in Sources */ = {isa = PBXBuildFile; fileRef = A5D4287527A7C99400C1CCAC /* ContentView.swift */; };
		A5D4287827A7C99500C1CCAC /* Assets.xcassets in Resources */ = {isa = PBXBuildFile; fileRef = A5D4287727A7C99500C1CCAC /* Assets.xcassets */; };
		A5D4287B27A7C99500C1CCAC /* Preview Assets.xcassets in Resources */ = {isa = PBXBuildFile; fileRef = A5D4287A27A7C99500C1CCAC /* Preview Assets.xcassets */; };
		A5D4288627A7C99500C1CCAC /* MinionUITests.swift in Sources */ = {isa = PBXBuildFile; fileRef = A5D4288527A7C99500C1CCAC /* MinionUITests.swift */; };
		A5D4289127A7C99500C1CCAC /* MinionUIUITests.swift in Sources */ = {isa = PBXBuildFile; fileRef = A5D4289027A7C99500C1CCAC /* MinionUIUITests.swift */; };
/* End PBXBuildFile section */

/* Begin PBXContainerItemProxy section */
		A5D4288227A7C99500C1CCAC /* PBXContainerItemProxy */ = {
			isa = PBXContainerItemProxy;
			containerPortal = A5D4286827A7C99400C1CCAC /* Project object */;
			proxyType = 1;
			remoteGlobalIDString = A5D4286F27A7C99400C1CCAC;
			remoteInfo = MinionUI;
		};
		A5D4288D27A7C99500C1CCAC /* PBXContainerItemProxy */ = {
			isa = PBXContainerItemProxy;
			containerPortal = A5D4286827A7C99400C1CCAC /* Project object */;
			proxyType = 1;
			remoteGlobalIDString = A5D4286F27A7C99400C1CCAC;
			remoteInfo = MinionUI;
		};
/* End PBXContainerItemProxy section */

/* Begin PBXFileReference section */
		A5D4287027A7C99400C1CCAC /* MinionUI.app */ = {isa = PBXFileReference; explicitFileType = wrapper.application; includeInIndex = 0; path = MinionUI.app; sourceTree = BUILT_PRODUCTS_DIR; };
		A5D4287327A7C99400C1CCAC /* MinionUIApp.swift */ = {isa = PBXFileReference; lastKnownFileType = sourcecode.swift; path = MinionUIApp.swift; sourceTree = "<group>"; };
		A5D4287527A7C99400C1CCAC /* ContentView.swift */ = {isa = PBXFileReference; lastKnownFileType = sourcecode.swift; path = ContentView.swift; sourceTree = "<group>"; };
		A5D4287727A7C99500C1CCAC /* Assets.xcassets */ = {isa = PBXFileReference; lastKnownFileType = folder.assetcatalog; path = Assets.xcassets; sourceTree = "<group>"; };
		A5D4287A27A7C99500C1CCAC /* Preview Assets.xcassets */ = {isa = PBXFileReference; lastKnownFileType = folder.assetcatalog; path = "Preview Assets.xcassets"; sourceTree = "<group>"; };
		A5D4287C27A7C99500C1CCAC /* Info.plist */ = {isa = PBXFileReference; lastKnownFileType = text.plist.xml; path = Info.plist; sourceTree = "<group>"; };
		A5D4288127A7C99500C1CCAC /* MinionUITests.xctest */ = {isa = PBXFileReference; explicitFileType = wrapper.cfbundle; includeInIndex = 0; path = MinionUITests.xctest; sourceTree = BUILT_PRODUCTS_DIR; };
		A5D4288527A7C99500C1CCAC /* MinionUITests.swift */ = {isa = PBXFileReference; lastKnownFileType = sourcecode.swift; path = MinionUITests.swift; sourceTree = "<group>"; };
		A5D4288727A7C99500C1CCAC /* Info.plist */ = {isa = PBXFileReference; lastKnownFileType = text.plist.xml; path = Info.plist; sourceTree = "<group>"; };
		A5D4288C27A7C99500C1CCAC /* MinionUIUITests.xctest */ = {isa = PBXFileReference; explicitFileType = wrapper.cfbundle; includeInIndex = 0; path = MinionUIUITests.xctest; sourceTree = BUILT_PRODUCTS_DIR; };
		A5D4289027A7C99500C1CCAC /* MinionUIUITests.swift */ = {isa = PBXFileReference; lastKnownFileType = sourcecode.swift; path = MinionUIUITests.swift; sourceTree = "<group>"; };
		A5D4289227A7C99600C1CCAC /* Info.plist */ = {isa = PBXFileReference; lastKnownFileType = text.plist.xml; path = Info.plist; sourceTree = "<group>"; };
/* End PBXFileReference section */

/* Begin PBXFrameworksBuildPhase section */
		A5D4286D27A7C99400C1CCAC /* Frameworks */ = {
			isa = PBXFrameworksBuildPhase;
			buildActionMask = 2147483647;
			files = (
			);
			runOnlyForDeploymentPostprocessing = 0;
		};
		A5D4287E27A7C99500C1CCAC /* Frameworks */ = {
			isa = PBXFrameworksBuildPhase;
			buildActionMask = 2147483647;
			files = (
			);
			runOnlyForDeploymentPostprocessing = 0;
		};
		A5D4288927A7C99500C1CCAC /* Frameworks */ = {
			isa = PBXFrameworksBuildPhase;
			buildActionMask = 2147483647;
			files = (
			);
			runOnlyForDeploymentPostprocessing = 0;
		};
/* End PBXFrameworksBuildPhase section */

/* Begin PBXGroup section */
		A5D4286727A7C99400C1CCAC = {
			isa = PBXGroup;
			children = (
				A5D4287227A7C99400C1CCAC /* MinionUI */,
				A5D4288427A7C99500C1CCAC /* MinionUITests */,
				A5D4288F27A7C99500C1CCAC /* MinionUIUITests */,
				A5D4287127A7C99400C1CCAC /* Products */,
			);
			sourceTree = "<group>";
		};
		A5D4287127A7C99400C1CCAC /* Products */ = {
			isa = PBXGroup;
			children = (
				A5D4287027A7C99400C1CCAC /* MinionUI.app */,
				A5D4288127A7C99500C1CCAC /* MinionUITests.xctest */,
				A5D4288C27A7C99500C1CCAC /* MinionUIUITests.xctest */,
			);
			name = Products;
			sourceTree = "<group>";
		};
		A5D4287227A7C99400C1CCAC /* MinionUI */ = {
			isa = PBXGroup;
			children = (
				A5D4287327A7C99400C1CCAC /* MinionUIApp.swift */,
				A5D4287527A7C99400C1CCAC /* ContentView.swift */,
				A5D4287727A7C99500C1CCAC /* Assets.xcassets */,
				A5D4287C27A7C99500C1CCAC /* Info.plist */,
				A5D4287927A7C99500C1CCAC /* Preview Content */,
			);
			path = MinionUI;
			sourceTree = "<group>";
		};
		A5D4287927A7C99500C1CCAC /* Preview Content */ = {
			isa = PBXGroup;
			children = (
				A5D4287A27A7C99500C1CCAC /* Preview Assets.xcassets */,
			);
			path = "Preview Content";
			sourceTree = "<group>";
		};
		A5D4288427A7C99500C1CCAC /* MinionUITests */ = {
			isa = PBXGroup;
			children = (
				A5D4288527A7C99500C1CCAC /* MinionUITests.swift */,
				A5D4288727A7C99500C1CCAC /* Info.plist */,
			);
			path = MinionUITests;
			sourceTree = "<group>";
		};
		A5D4288F27A7C99500C1CCAC /* MinionUIUITests */ = {
			isa = PBXGroup;
			children = (
				A5D4289027A7C99500C1CCAC /* MinionUIUITests.swift */,
				A5D4289227A7C99600C1CCAC /* Info.plist */,
			);
			path = MinionUIUITests;
			sourceTree = "<group>";
		};
/* End PBXGroup section */

/* Begin PBXNativeTarget section */
		A5D4286F27A7C99400C1CCAC /* MinionUI */ = {
			isa = PBXNativeTarget;
			buildConfigurationList = A5D4289527A7C99600C1CCAC /* Build configuration list for PBXNativeTarget "MinionUI" */;
			buildPhases = (
				A5D4286C27A7C99400C1CCAC /* Sources */,
				A5D4286D27A7C99400C1CCAC /* Frameworks */,
				A5D4286E27A7C99400C1CCAC /* Resources */,
			);
			buildRules = (
			);
			dependencies = (
			);
			name = MinionUI;
			productName = MinionUI;
			productReference = A5D4287027A7C99400C1CCAC /* MinionUI.app */;
			productType = "com.apple.product-type.application";
		};
		A5D4288027A7C99500C1CCAC /* MinionUITests */ = {
			isa = PBXNativeTarget;
			buildConfigurationList = A5D4289827A7C99600C1CCAC /* Build configuration list for PBXNativeTarget "MinionUITests" */;
			buildPhases = (
				A5D4287D27A7C99500C1CCAC /* Sources */,
				A5D4287E27A7C99500C1CCAC /* Frameworks */,
				A5D4287F27A7C99500C1CCAC /* Resources */,
			);
			buildRules = (
			);
			dependencies = (
				A5D4288327A7C99500C1CCAC /* PBXTargetDependency */,
			);
			name = MinionUITests;
			productName = MinionUITests;
			productReference = A5D4288127A7C99500C1CCAC /* MinionUITests.xctest */;
			productType = "com.apple.product-type.bundle.unit-test";
		};
		A5D4288B27A7C99500C1CCAC /* MinionUIUITests */ = {
			isa = PBXNativeTarget;
			buildConfigurationList = A5D4289B27A7C99600C1CCAC /* Build configuration list for PBXNativeTarget "MinionUIUITests" */;
			buildPhases = (
				A5D4288827A7C99500C1CCAC /* Sources */,
				A5D4288927A7C99500C1CCAC /* Frameworks */,
				A5D4288A27A7C99500C1CCAC /* Resources */,
			);
			buildRules = (
			);
			dependencies = (
				A5D4288E27A7C99500C1CCAC /* PBXTargetDependency */,
			);
			name = MinionUIUITests;
			productName = MinionUIUITests;
			productReference = A5D4288C27A7C99500C1CCAC /* MinionUIUITests.xctest */;
			productType = "com.apple.product-type.bundle.ui-testing";
		};
/* End PBXNativeTarget section */

/* Begin PBXProject section */
		A5D4286827A7C99400C1CCAC /* Project object */ = {
			isa = PBXProject;
			attributes = {
				LastSwiftUpdateCheck = 1250;
				LastUpgradeCheck = 1250;
				TargetAttributes = {
					A5D4286F27A7C99400C1CCAC = {
						CreatedOnToolsVersion = 12.5;
					};
					A5D4288027A7C99500C1CCAC = {
						CreatedOnToolsVersion = 12.5;
						TestTargetID = A5D4286F27A7C99400C1CCAC;
					};
					A5D4288B27A7C99500C1CCAC = {
						CreatedOnToolsVersion = 12.5;
						TestTargetID = A5D4286F27A7C99400C1CCAC;
					};
				};
			};
			buildConfigurationList = A5D4286B27A7C99400C1CCAC /* Build configuration list for PBXProject "MinionUI" */;
			compatibilityVersion = "Xcode 9.3";
			developmentRegion = en;
			hasScannedForEncodings = 0;
			knownRegions = (
				en,
				Base,
			);
			mainGroup = A5D4286727A7C99400C1CCAC;
			productRefGroup = A5D4287127A7C99400C1CCAC /* Products */;
			projectDirPath = "";
			projectRoot = "";
			targets = (
				A5D4286F27A7C99400C1CCAC /* MinionUI */,
				A5D4288027A7C99500C1CCAC /* MinionUITests */,
				A5D4288B27A7C99500C1CCAC /* MinionUIUITests */,
			);
		};
/* End PBXProject section */

/* Begin PBXResourcesBuildPhase section */
		A5D4286E27A7C99400C1CCAC /* Resources */ = {
			isa = PBXResourcesBuildPhase;
			buildActionMask = 2147483647;
			files = (
				A5D4287B27A7C99500C1CCAC /* Preview Assets.xcassets in Resources */,
				A5D4287827A7C99500C1CCAC /* Assets.xcassets in Resources */,
			);
			runOnlyForDeploymentPostprocessing = 0;
		};
		A5D4287F27A7C99500C1CCAC /* Resources */ = {
			isa = PBXResourcesBuildPhase;
			buildActionMask = 2147483647;
			files = (
			);
			runOnlyForDeploymentPostprocessing = 0;
		};
		A5D4288A27A7C99500C1CCAC /* Resources */ = {
			isa = PBXResourcesBuildPhase;
			buildActionMask = 2147483647;
			files = (
			);
			runOnlyForDeploymentPostprocessing = 0;
		};
/* End PBXResourcesBuildPhase section */

/* Begin PBXSourcesBuildPhase section */
		A5D4286C27A7C99400C1CCAC /* Sources */ = {
			isa = PBXSourcesBuildPhase;
			buildActionMask = 2147483647;
			files = (
				A5D4287627A7C99400C1CCAC /* ContentView.swift in Sources */,
				A5D4287427A7C99400C1CCAC /* MinionUIApp.swift in Sources */,
			);
			runOnlyForDeploymentPostprocessing = 0;
		};
		A5D4287D27A7C99500C1CCAC /* Sources */ = {
			isa = PBXSourcesBuildPhase;
			buildActionMask = 2147483647;
			files = (
				A5D4288627A7C99500C1CCAC /* MinionUITests.swift in Sources */,
			);
			runOnlyForDeploymentPostprocessing = 0;
		};
		A5D4288827A7C99500C1CCAC /* Sources */ = {
			isa = PBXSourcesBuildPhase;
			buildActionMask = 2147483647;
			files = (
				A5D4289127A7C99500C1CCAC /* MinionUIUITests.swift in Sources */,
			);
			runOnlyForDeploymentPostprocessing = 0;
		};
/* End PBXSourcesBuildPhase section */

/* Begin PBXTargetDependency section */
		A5D4288327A7C99500C1CCAC /* PBXTargetDependency */ = {
			isa = PBXTargetDependency;
			target = A5D4286F27A7C99400C1CCAC /* MinionUI */;
			targetProxy = A5D4288227A7C99500C1CCAC /* PBXContainerItemProxy */;
		};
		A5D4288E27A7C99500C1CCAC /* PBXTargetDependency */ = {
			isa = PBXTargetDependency;
			target = A5D4286F27A7C99400C1CCAC /* MinionUI */;
			targetProxy = A5D4288D27A7C99500C1CCAC /* PBXContainerItemProxy */;
		};
/* End PBXTargetDependency section */

/* Begin XCBuildConfiguration section */
		A5D4289327A7C99600C1CCAC /* Debug */ = {
			isa = XCBuildConfiguration;
			buildSettings = {
				ALWAYS_SEARCH_USER_PATHS = NO;
				CLANG_ANALYZER_NONNULL = YES;
				CLANG_ANALYZER_NUMBER_OBJECT_CONVERSION = YES_AGGRESSIVE;
				CLANG_CXX_LANGUAGE_STANDARD = "gnu++14";
				CLANG_CXX_LIBRARY = "libc++";
				CLANG_ENABLE_MODULES = YES;
				CLANG_ENABLE_OBJC_ARC = YES;
				CLANG_ENABLE_OBJC_WEAK = YES;
				CLANG_WARN_BLOCK_CAPTURE_AUTORELEASING = YES;
				CLANG_WARN_BOOL_CONVERSION = YES;
				CLANG_WARN_COMMA = YES;
				CLANG_WARN_CONSTANT_CONVERSION = YES;
				CLANG_WARN_DEPRECATED_OBJC_IMPLEMENTATIONS = YES;
				CLANG_WARN_DIRECT_OBJC_ISA_USAGE = YES_ERROR;
				CLANG_WARN_DOCUMENTATION_COMMENTS = YES;
				CLANG_WARN_EMPTY_BODY = YES;
				CLANG_WARN_ENUM_CONVERSION = YES;
				CLANG_WARN_INFINITE_RECURSION = YES;
				CLANG_WARN_INT_CONVERSION = YES;
				CLANG_WARN_NON_LITERAL_NULL_CONVERSION = YES;
				CLANG_WARN_OBJC_IMPLICIT_RETAIN_SELF = YES;
				CLANG_WARN_OBJC_LITERAL_CONVERSION = YES;
				CLANG_WARN_OBJC_ROOT_CLASS = YES_ERROR;
				CLANG_WARN_QUOTED_INCLUDE_IN_FRAMEWORK_HEADER = YES;
				CLANG_WARN_RANGE_LOOP_ANALYSIS = YES;
				CLANG_WARN_STRICT_PROTOTYPES = YES;
				CLANG_WARN_SUSPICIOUS_MOVE = YES;
				CLANG_WARN_UNGUARDED_AVAILABILITY = YES_AGGRESSIVE;
				CLANG_WARN_UNREACHABLE_CODE = YES;
				CLANG_WARN__DUPLICATE_METHOD_MATCH = YES;
				COPY_PHASE_STRIP = NO;
				DEBUG_INFORMATION_FORMAT = dwarf;
				ENABLE_STRICT_OBJC_MSGSEND = YES;
				ENABLE_TESTABILITY = YES;
				GCC_C_LANGUAGE_STANDARD = gnu11;
				GCC_DYNAMIC_NO_PIC = NO;
				GCC_NO_COMMON_BLOCKS = YES;
				GCC_OPTIMIZATION_LEVEL = 0;
				GCC_PREPROCESSOR_DEFINITIONS = (
					"DEBUG=1",
					"$(inherited)",
				);
				GCC_WARN_64_TO_32_BIT_CONVERSION = YES;
				GCC_WARN_ABOUT_RETURN_TYPE = YES_ERROR;
				GCC_WARN_UNDECLARED_SELECTOR = YES;
				GCC_WARN_UNINITIALIZED_AUTOS = YES_AGGRESSIVE;
				GCC_WARN_UNUSED_FUNCTION = YES;
				GCC_WARN_UNUSED_VARIABLE = YES;
				IPHONEOS_DEPLOYMENT_TARGET = 14.5;
				MTL_ENABLE_DEBUG_INFO = INCLUDE_SOURCE;
				MTL_FAST_MATH = YES;
				ONLY_ACTIVE_ARCH = YES;
				SDKROOT = iphoneos;
				SWIFT_ACTIVE_COMPILATION_CONDITIONS = DEBUG;
				SWIFT_OPTIMIZATION_LEVEL = "-Onone";
			};
			name = Debug;
		};
		A5D4289427A7C99600C1CCAC /* Release */ = {
			isa = XCBuildConfiguration;
			buildSettings = {
				ALWAYS_SEARCH_USER_PATHS = NO;
				CLANG_ANALYZER_NONNULL = YES;
				CLANG_ANALYZER_NUMBER_OBJECT_CONVERSION = YES_AGGRESSIVE;
				CLANG_CXX_LANGUAGE_STANDARD = "gnu++14";
				CLANG_CXX_LIBRARY = "libc++";
				CLANG_ENABLE_MODULES = YES;
				CLANG_ENABLE_OBJC_ARC = YES;
				CLANG_ENABLE_OBJC_WEAK = YES;
				CLANG_WARN_BLOCK_CAPTURE_AUTORELEASING = YES;
				CLANG_WARN_BOOL_CONVERSION = YES;
				CLANG_WARN_COMMA = YES;
				CLANG_WARN_CONSTANT_CONVERSION = YES;
				CLANG_WARN_DEPRECATED_OBJC_IMPLEMENTATIONS = YES;
				CLANG_WARN_DIRECT_OBJC_ISA_USAGE = YES_ERROR;
				CLANG_WARN_DOCUMENTATION_COMMENTS = YES;
				CLANG_WARN_EMPTY_BODY = YES;
				CLANG_WARN_ENUM_CONVERSION = YES;
				CLANG_WARN_INFINITE_RECURSION = YES;
				CLANG_WARN_INT_CONVERSION = YES;
				CLANG_WARN_NON_LITERAL_NULL_CONVERSION = YES;
				CLANG_WARN_OBJC_IMPLICIT_RETAIN_SELF = YES;
				CLANG_WARN_OBJC_LITERAL_CONVERSION = YES;
				CLANG_WARN_OBJC_ROOT_CLASS = YES_ERROR;
				CLANG_WARN_QUOTED_INCLUDE_IN_FRAMEWORK_HEADER = YES;
				CLANG_WARN_RANGE_LOOP_ANALYSIS = YES;
				CLANG_WARN_STRICT_PROTOTYPES = YES;
				CLANG_WARN_SUSPICIOUS_MOVE = YES;
				CLANG_WARN_UNGUARDED_AVAILABILITY = YES_AGGRESSIVE;
				CLANG_WARN_UNREACHABLE_CODE = YES;
				CLANG_WARN__DUPLICATE_METHOD_MATCH = YES;
				COPY_PHASE_STRIP = NO;
				DEBUG_INFORMATION_FORMAT = "dwarf-with-dsym";
				ENABLE_NS_ASSERTIONS = NO;
				ENABLE_STRICT_OBJC_MSGSEND = YES;
				GCC_C_LANGUAGE_STANDARD = gnu11;
				GCC_NO_COMMON_BLOCKS = YES;
				GCC_WARN_64_TO_32_BIT_CONVERSION = YES;
				GCC_WARN_ABOUT_RETURN_TYPE = YES_ERROR;
				GCC_WARN_UNDECLARED_SELECTOR = YES;
				GCC_WARN_UNINITIALIZED_AUTOS = YES_AGGRESSIVE;
				GCC_WARN_UNUSED_FUNCTION = YES;
				GCC_WARN_UNUSED_VARIABLE = YES;
				IPHONEOS_DEPLOYMENT_TARGET = 14.5;
				MTL_ENABLE_DEBUG_INFO = NO;
				MTL_FAST_MATH = YES;
				SDKROOT = iphoneos;
				SWIFT_COMPILATION_MODE = wholemodule;
				SWIFT_OPTIMIZATION_LEVEL = "-O";
				VALIDATE_PRODUCT = YES;
			};
			name = Release;
		};
		A5D4289627A7C99600C1CCAC /* Debug */ = {
			isa = XCBuildConfiguration;
			buildSettings = {
				ASSETCATALOG_COMPILER_APPICON_NAME = AppIcon;
				ASSETCATALOG_COMPILER_GLOBAL_ACCENT_COLOR_NAME = AccentColor;
				CODE_SIGN_STYLE = Automatic;
				DEVELOPMENT_ASSET_PATHS = "\"MinionUI/Preview Content\"";
				ENABLE_PREVIEWS = YES;
				INFOPLIST_FILE = MinionUI/Info.plist;
				IPHONEOS_DEPLOYMENT_TARGET = 14.0;
				LD_RUNPATH_SEARCH_PATHS = (
					"$(inherited)",
					"@executable_path/Frameworks",
				);
				PRODUCT_BUNDLE_IDENTIFIER = "Bosko--Nikolic.MinionUI";
				PRODUCT_NAME = "$(TARGET_NAME)";
				SWIFT_VERSION = 5.0;
				TARGETED_DEVICE_FAMILY = "1,2";
			};
			name = Debug;
		};
		A5D4289727A7C99600C1CCAC /* Release */ = {
			isa = XCBuildConfiguration;
			buildSettings = {
				ASSETCATALOG_COMPILER_APPICON_NAME = AppIcon;
				ASSETCATALOG_COMPILER_GLOBAL_ACCENT_COLOR_NAME = AccentColor;
				CODE_SIGN_STYLE = Automatic;
				DEVELOPMENT_ASSET_PATHS = "\"MinionUI/Preview Content\"";
				ENABLE_PREVIEWS = YES;
				INFOPLIST_FILE = MinionUI/Info.plist;
				IPHONEOS_DEPLOYMENT_TARGET = 14.0;
				LD_RUNPATH_SEARCH_PATHS = (
					"$(inherited)",
					"@executable_path/Frameworks",
				);
				PRODUCT_BUNDLE_IDENTIFIER = "Bosko--Nikolic.MinionUI";
				PRODUCT_NAME = "$(TARGET_NAME)";
				SWIFT_VERSION = 5.0;
				TARGETED_DEVICE_FAMILY = "1,2";
			};
			name = Release;
		};
		A5D4289927A7C99600C1CCAC /* Debug */ = {
			isa = XCBuildConfiguration;
			buildSettings = {
				ALWAYS_EMBED_SWIFT_STANDARD_LIBRARIES = YES;
				BUNDLE_LOADER = "$(TEST_HOST)";
				CODE_SIGN_STYLE = Automatic;
				INFOPLIST_FILE = MinionUITests/Info.plist;
				IPHONEOS_DEPLOYMENT_TARGET = 14.0;
				LD_RUNPATH_SEARCH_PATHS = (
					"$(inherited)",
					"@executable_path/Frameworks",
					"@loader_path/Frameworks",
				);
				PRODUCT_BUNDLE_IDENTIFIER = "Bosko--Nikolic.MinionUITests";
				PRODUCT_NAME = "$(TARGET_NAME)";
				SWIFT_VERSION = 5.0;
				TARGETED_DEVICE_FAMILY = "1,2";
				TEST_HOST = "$(BUILT_PRODUCTS_DIR)/MinionUI.app/MinionUI";
			};
			name = Debug;
		};
		A5D4289A27A7C99600C1CCAC /* Release */ = {
			isa = XCBuildConfiguration;
			buildSettings = {
				ALWAYS_EMBED_SWIFT_STANDARD_LIBRARIES = YES;
				BUNDLE_LOADER = "$(TEST_HOST)";
				CODE_SIGN_STYLE = Automatic;
				INFOPLIST_FILE = MinionUITests/Info.plist;
				IPHONEOS_DEPLOYMENT_TARGET = 14.0;
				LD_RUNPATH_SEARCH_PATHS = (
					"$(inherited)",
					"@executable_path/Frameworks",
					"@loader_path/Frameworks",
				);
				PRODUCT_BUNDLE_IDENTIFIER = "Bosko--Nikolic.MinionUITests";
				PRODUCT_NAME = "$(TARGET_NAME)";
				SWIFT_VERSION = 5.0;
				TARGETED_DEVICE_FAMILY = "1,2";
				TEST_HOST = "$(BUILT_PRODUCTS_DIR)/MinionUI.app/MinionUI";
			};
			name = Release;
		};
		A5D4289C27A7C99600C1CCAC /* Debug */ = {
			isa = XCBuildConfiguration;
			buildSettings = {
				ALWAYS_EMBED_SWIFT_STANDARD_LIBRARIES = YES;
				CODE_SIGN_STYLE = Automatic;
				INFOPLIST_FILE = MinionUIUITests/Info.plist;
				LD_RUNPATH_SEARCH_PATHS = (
					"$(inherited)",
					"@executable_path/Frameworks",
					"@loader_path/Frameworks",
				);
				PRODUCT_BUNDLE_IDENTIFIER = "Bosko--Nikolic.MinionUIUITests";
				PRODUCT_NAME = "$(TARGET_NAME)";
				SWIFT_VERSION = 5.0;
				TARGETED_DEVICE_FAMILY = "1,2";
				TEST_TARGET_NAME = MinionUI;
			};
			name = Debug;
		};
		A5D4289D27A7C99600C1CCAC /* Release */ = {
			isa = XCBuildConfiguration;
			buildSettings = {
				ALWAYS_EMBED_SWIFT_STANDARD_LIBRARIES = YES;
				CODE_SIGN_STYLE = Automatic;
				INFOPLIST_FILE = MinionUIUITests/Info.plist;
				LD_RUNPATH_SEARCH_PATHS = (
					"$(inherited)",
					"@executable_path/Frameworks",
					"@loader_path/Frameworks",
				);
				PRODUCT_BUNDLE_IDENTIFIER = "Bosko--Nikolic.MinionUIUITests";
				PRODUCT_NAME = "$(TARGET_NAME)";
				SWIFT_VERSION = 5.0;
				TARGETED_DEVICE_FAMILY = "1,2";
				TEST_TARGET_NAME = MinionUI;
			};
			name = Release;
		};
/* End XCBuildConfiguration section */

/* Begin XCConfigurationList section */
		A5D4286B27A7C99400C1CCAC /* Build configuration list for PBXProject "MinionUI" */ = {
			isa = XCConfigurationList;
			buildConfigurations = (
				A5D4289327A7C99600C1CCAC /* Debug */,
				A5D4289427A7C99600C1CCAC /* Release */,
			);
			defaultConfigurationIsVisible = 0;
			defaultConfigurationName = Release;
		};
		A5D4289527A7C99600C1CCAC /* Build configuration list for PBXNativeTarget "MinionUI" */ = {
			isa = XCConfigurationList;
			buildConfigurations = (
				A5D4289627A7C99600C1CCAC /* Debug */,
				A5D4289727A7C99600C1CCAC /* Release */,
			);
			defaultConfigurationIsVisible = 0;
			defaultConfigurationName = Release;
		};
		A5D4289827A7C99600C1CCAC /* Build configuration list for PBXNativeTarget "MinionUITests" */ = {
			isa = XCConfigurationList;
			buildConfigurations = (
				A5D4289927A7C99600C1CCAC /* Debug */,
				A5D4289A27A7C99600C1CCAC /* Release */,
			);
			defaultConfigurationIsVisible = 0;
			defaultConfigurationName = Release;
		};
		A5D4289B27A7C99600C1CCAC /* Build configuration list for PBXNativeTarget "MinionUIUITests" */ = {
			isa = XCConfigurationList;
			buildConfigurations = (
				A5D4289C27A7C99600C1CCAC /* Debug */,
				A5D4289D27A7C99600C1CCAC /* Release */,
			);
			defaultConfigurationIsVisible = 0;
			defaultConfigurationName = Release;
		};
/* End XCConfigurationList section */
	};
	rootObject = A5D4286827A7C99400C1CCAC /* Project object */;
}
